{
  "version": 4,
  "terraform_version": "1.1.3",
  "serial": 196,
  "lineage": "e5f58665-a2a8-aa1c-01f4-d2c6f8034540",
  "outputs": {
    "base_url": {
      "value": "https://7s65op275b.execute-api.us-east-1.amazonaws.com/stage",
      "type": "string"
    }
  },
  "resources": [
    {
      "mode": "data",
      "type": "archive_file",
      "name": "get_user_stats_lambda_file",
      "provider": "provider[\"registry.terraform.io/hashicorp/archive\"]",
      "instances": [
        {
          "schema_version": 0,
          "attributes": {
            "excludes": null,
            "id": "f951f60cef84153dcecd7d25d33d65939c5440cc",
            "output_base64sha256": "YciImIZa5O1pZvvzA8J8Oh8q9LyXXhgIvGTWNJerbKg=",
            "output_file_mode": null,
            "output_md5": "3d2c5e9208add25630388df7d9e45a88",
            "output_path": "get_user_stats_lambda_file.zip",
            "output_sha": "f951f60cef84153dcecd7d25d33d65939c5440cc",
            "output_size": 684,
            "source": [],
            "source_content": null,
            "source_content_filename": null,
            "source_dir": null,
            "source_file": "../functions/get_user_stats_lambda.py",
            "type": "zip"
          },
          "sensitive_attributes": []
        }
      ]
    },
    {
      "mode": "data",
      "type": "archive_file",
      "name": "post_user_stats_lambda_file",
      "provider": "provider[\"registry.terraform.io/hashicorp/archive\"]",
      "instances": [
        {
          "schema_version": 0,
          "attributes": {
            "excludes": null,
            "id": "53a2049e783450c809d0d95faf2b96da8d086be5",
            "output_base64sha256": "16Vi3fZQt17vsvdp24MvhRL+b0B4ki1Tbmp4rp/BDyI=",
            "output_file_mode": null,
            "output_md5": "7d9d7ef25d0aa448e81f24f296691e11",
            "output_path": "post_user_stats_lambda_file.zip",
            "output_sha": "53a2049e783450c809d0d95faf2b96da8d086be5",
            "output_size": 1007,
            "source": [],
            "source_content": null,
            "source_content_filename": null,
            "source_dir": null,
            "source_file": "../functions/post_user_stats_lambda.py",
            "type": "zip"
          },
          "sensitive_attributes": []
        }
      ]
    },
    {
      "mode": "data",
      "type": "aws_caller_identity",
      "name": "current_identity",
      "provider": "provider[\"registry.terraform.io/hashicorp/aws\"]",
      "instances": [
        {
          "schema_version": 0,
          "attributes": {
            "account_id": "000000000000",
            "arn": "arn:aws:sts::000000000000:user/localstack",
            "id": "000000000000",
            "user_id": "AKIAIOSFODNN7EXAMPLE"
          },
          "sensitive_attributes": []
        }
      ]
    },
    {
      "mode": "data",
      "type": "aws_region",
      "name": "current_region",
      "provider": "provider[\"registry.terraform.io/hashicorp/aws\"]",
      "instances": [
        {
          "schema_version": 0,
          "attributes": {
            "description": "US East (N. Virginia)",
            "endpoint": "ec2.us-east-1.amazonaws.com",
            "id": "us-east-1",
            "name": "us-east-1"
          },
          "sensitive_attributes": []
        }
      ]
    },
    {
      "mode": "managed",
      "type": "aws_api_gateway_deployment",
      "name": "user_api_deployment",
      "provider": "provider[\"registry.terraform.io/hashicorp/aws\"]",
      "instances": [
        {
          "schema_version": 0,
          "attributes": {
            "created_date": "2022-03-27T10:07:35Z",
            "description": "",
            "execution_arn": "arn:aws:execute-api:us-east-1::7s65op275b/stage",
            "id": "e8nfsto6cq",
            "invoke_url": "https://7s65op275b.execute-api.us-east-1.amazonaws.com/stage",
            "rest_api_id": "7s65op275b",
            "stage_description": null,
            "stage_name": "stage",
            "triggers": null,
            "variables": null
          },
          "sensitive_attributes": [],
          "private": "bnVsbA==",
          "dependencies": [
            "aws_api_gateway_resource.get_user_stats_resource",
            "aws_api_gateway_resource.post_user_stats_resource",
            "aws_lambda_function.post_user_stats_lambda",
            "data.archive_file.get_user_stats_lambda_file",
            "aws_api_gateway_integration.get_user_stats_integration",
            "aws_api_gateway_integration.post_user_stats_integration",
            "aws_api_gateway_resource.user_stats_resources",
            "aws_api_gateway_rest_api.user_api",
            "aws_iam_role.lambda_role",
            "aws_lambda_function.get_user_stats_lambda",
            "data.archive_file.post_user_stats_lambda_file",
            "aws_api_gateway_method.get_user_stats_method",
            "aws_api_gateway_method.post_user_stats_method"
          ]
        }
      ]
    },
    {
      "mode": "managed",
      "type": "aws_api_gateway_integration",
      "name": "get_user_stats_integration",
      "provider": "provider[\"registry.terraform.io/hashicorp/aws\"]",
      "instances": [
        {
          "schema_version": 0,
          "attributes": {
            "cache_key_parameters": [],
            "cache_namespace": "1fb85778",
            "connection_id": "",
            "connection_type": "INTERNET",
            "content_handling": "",
            "credentials": "",
            "http_method": "GET",
            "id": "agi-7s65op275b-ae5z8k9ol2-GET",
            "integration_http_method": "POST",
            "passthrough_behavior": "WHEN_NO_MATCH",
            "request_parameters": {},
            "request_templates": {},
            "resource_id": "ae5z8k9ol2",
            "rest_api_id": "7s65op275b",
            "timeout_milliseconds": 29000,
            "tls_config": [],
            "type": "AWS_PROXY",
            "uri": "arn:aws:apigateway:us-east-1:lambda:path/2015-03-31/functions/arn:aws:lambda:us-east-1:000000000000:function:get_user_stats_lambda/invocations"
          },
          "sensitive_attributes": [],
          "private": "bnVsbA==",
          "dependencies": [
            "aws_api_gateway_method.get_user_stats_method",
            "aws_api_gateway_resource.get_user_stats_resource",
            "aws_api_gateway_resource.user_stats_resources",
            "aws_api_gateway_rest_api.user_api",
            "aws_iam_role.lambda_role",
            "aws_lambda_function.get_user_stats_lambda",
            "data.archive_file.get_user_stats_lambda_file"
          ]
        }
      ]
    },
    {
      "mode": "managed",
      "type": "aws_api_gateway_integration",
      "name": "post_user_stats_integration",
      "provider": "provider[\"registry.terraform.io/hashicorp/aws\"]",
      "instances": [
        {
          "schema_version": 0,
          "attributes": {
            "cache_key_parameters": [],
            "cache_namespace": "015249a4",
            "connection_id": "",
            "connection_type": "INTERNET",
            "content_handling": "",
            "credentials": "",
            "http_method": "POST",
            "id": "agi-7s65op275b-m6slof5mcz-POST",
            "integration_http_method": "POST",
            "passthrough_behavior": "WHEN_NO_MATCH",
            "request_parameters": {},
            "request_templates": {},
            "resource_id": "m6slof5mcz",
            "rest_api_id": "7s65op275b",
            "timeout_milliseconds": 29000,
            "tls_config": [],
            "type": "AWS_PROXY",
            "uri": "arn:aws:apigateway:us-east-1:lambda:path/2015-03-31/functions/arn:aws:lambda:us-east-1:000000000000:function:post_user_stats_lambda/invocations"
          },
          "sensitive_attributes": [],
          "private": "bnVsbA==",
          "dependencies": [
            "data.archive_file.post_user_stats_lambda_file",
            "aws_api_gateway_method.post_user_stats_method",
            "aws_api_gateway_resource.post_user_stats_resource",
            "aws_api_gateway_resource.user_stats_resources",
            "aws_api_gateway_rest_api.user_api",
            "aws_iam_role.lambda_role",
            "aws_lambda_function.post_user_stats_lambda"
          ]
        }
      ]
    },
    {
      "mode": "managed",
      "type": "aws_api_gateway_integration_response",
      "name": "get_user_stats_integration_response",
      "provider": "provider[\"registry.terraform.io/hashicorp/aws\"]",
      "instances": [
        {
          "schema_version": 0,
          "attributes": {
            "content_handling": "CONVERT_TO_TEXT",
            "http_method": "GET",
            "id": "agir-7s65op275b-ae5z8k9ol2-GET-200",
            "resource_id": "ae5z8k9ol2",
            "response_parameters": {},
            "response_templates": {
              "application/json": ""
            },
            "rest_api_id": "7s65op275b",
            "selection_pattern": "",
            "status_code": "200"
          },
          "sensitive_attributes": [],
          "private": "bnVsbA==",
          "dependencies": [
            "data.archive_file.get_user_stats_lambda_file",
            "aws_api_gateway_integration.get_user_stats_integration",
            "aws_api_gateway_method.get_user_stats_method",
            "aws_api_gateway_resource.get_user_stats_resource",
            "aws_api_gateway_resource.user_stats_resources",
            "aws_api_gateway_rest_api.user_api",
            "aws_iam_role.lambda_role",
            "aws_lambda_function.get_user_stats_lambda"
          ]
        }
      ]
    },
    {
      "mode": "managed",
      "type": "aws_api_gateway_integration_response",
      "name": "post_user_stats_integration_response",
      "provider": "provider[\"registry.terraform.io/hashicorp/aws\"]",
      "instances": [
        {
          "schema_version": 0,
          "attributes": {
            "content_handling": "CONVERT_TO_TEXT",
            "http_method": "POST",
            "id": "agir-7s65op275b-m6slof5mcz-POST-200",
            "resource_id": "m6slof5mcz",
            "response_parameters": {},
            "response_templates": {
              "application/json": ""
            },
            "rest_api_id": "7s65op275b",
            "selection_pattern": "",
            "status_code": "200"
          },
          "sensitive_attributes": [],
          "private": "bnVsbA==",
          "dependencies": [
            "aws_api_gateway_resource.user_stats_resources",
            "aws_api_gateway_rest_api.user_api",
            "aws_iam_role.lambda_role",
            "aws_lambda_function.post_user_stats_lambda",
            "data.archive_file.post_user_stats_lambda_file",
            "aws_api_gateway_integration.post_user_stats_integration",
            "aws_api_gateway_method.post_user_stats_method",
            "aws_api_gateway_resource.post_user_stats_resource"
          ]
        }
      ]
    },
    {
      "mode": "managed",
      "type": "aws_api_gateway_method",
      "name": "get_user_stats_method",
      "provider": "provider[\"registry.terraform.io/hashicorp/aws\"]",
      "instances": [
        {
          "schema_version": 0,
          "attributes": {
            "api_key_required": false,
            "authorization": "NONE",
            "authorization_scopes": [],
            "authorizer_id": "",
            "http_method": "GET",
            "id": "agm-7s65op275b-ae5z8k9ol2-GET",
            "operation_name": "",
            "request_models": {},
            "request_parameters": {},
            "request_validator_id": "",
            "resource_id": "ae5z8k9ol2",
            "rest_api_id": "7s65op275b"
          },
          "sensitive_attributes": [],
          "private": "bnVsbA==",
          "dependencies": [
            "aws_api_gateway_resource.get_user_stats_resource",
            "aws_api_gateway_resource.user_stats_resources",
            "aws_api_gateway_rest_api.user_api"
          ]
        }
      ]
    },
    {
      "mode": "managed",
      "type": "aws_api_gateway_method",
      "name": "post_user_stats_method",
      "provider": "provider[\"registry.terraform.io/hashicorp/aws\"]",
      "instances": [
        {
          "schema_version": 0,
          "attributes": {
            "api_key_required": false,
            "authorization": "NONE",
            "authorization_scopes": [],
            "authorizer_id": "",
            "http_method": "POST",
            "id": "agm-7s65op275b-m6slof5mcz-POST",
            "operation_name": "",
            "request_models": {},
            "request_parameters": {},
            "request_validator_id": "",
            "resource_id": "m6slof5mcz",
            "rest_api_id": "7s65op275b"
          },
          "sensitive_attributes": [],
          "private": "bnVsbA==",
          "dependencies": [
            "aws_api_gateway_resource.post_user_stats_resource",
            "aws_api_gateway_resource.user_stats_resources",
            "aws_api_gateway_rest_api.user_api"
          ]
        }
      ]
    },
    {
      "mode": "managed",
      "type": "aws_api_gateway_resource",
      "name": "get_user_stats_resource",
      "provider": "provider[\"registry.terraform.io/hashicorp/aws\"]",
      "instances": [
        {
          "schema_version": 0,
          "attributes": {
            "id": "ae5z8k9ol2",
            "parent_id": "bb955iq236",
            "path": "/user/get_user_stats",
            "path_part": "get_user_stats",
            "rest_api_id": "7s65op275b"
          },
          "sensitive_attributes": [],
          "private": "bnVsbA==",
          "dependencies": [
            "aws_api_gateway_resource.user_stats_resources",
            "aws_api_gateway_rest_api.user_api"
          ]
        }
      ]
    },
    {
      "mode": "managed",
      "type": "aws_api_gateway_resource",
      "name": "post_user_stats_resource",
      "provider": "provider[\"registry.terraform.io/hashicorp/aws\"]",
      "instances": [
        {
          "schema_version": 0,
          "attributes": {
            "id": "m6slof5mcz",
            "parent_id": "bb955iq236",
            "path": "/user/post_user_stats",
            "path_part": "post_user_stats",
            "rest_api_id": "7s65op275b"
          },
          "sensitive_attributes": [],
          "private": "bnVsbA==",
          "dependencies": [
            "aws_api_gateway_rest_api.user_api",
            "aws_api_gateway_resource.user_stats_resources"
          ]
        }
      ]
    },
    {
      "mode": "managed",
      "type": "aws_api_gateway_resource",
      "name": "user_stats_resources",
      "provider": "provider[\"registry.terraform.io/hashicorp/aws\"]",
      "instances": [
        {
          "schema_version": 0,
          "attributes": {
            "id": "bb955iq236",
            "parent_id": "4sa78q1kf2",
            "path": "/user",
            "path_part": "user",
            "rest_api_id": "7s65op275b"
          },
          "sensitive_attributes": [],
          "private": "bnVsbA==",
          "dependencies": [
            "aws_api_gateway_rest_api.user_api"
          ]
        }
      ]
    },
    {
      "mode": "managed",
      "type": "aws_api_gateway_rest_api",
      "name": "user_api",
      "provider": "provider[\"registry.terraform.io/hashicorp/aws\"]",
      "instances": [
        {
          "schema_version": 0,
          "attributes": {
            "api_key_source": "HEADER",
            "arn": "arn:aws:apigateway:us-east-1::/restapis/7s65op275b",
            "binary_media_types": [],
            "body": null,
            "created_date": "2022-03-27T10:07:23Z",
            "description": "This is exposed api for user",
            "disable_execute_api_endpoint": false,
            "endpoint_configuration": [
              {
                "types": [
                  "EDGE"
                ],
                "vpc_endpoint_ids": []
              }
            ],
            "execution_arn": "arn:aws:execute-api:us-east-1::7s65op275b",
            "id": "7s65op275b",
            "minimum_compression_size": -1,
            "name": "user_api",
            "parameters": null,
            "policy": "",
            "root_resource_id": "4sa78q1kf2",
            "tags": {},
            "tags_all": {}
          },
          "sensitive_attributes": [],
          "private": "bnVsbA=="
        }
      ]
    },
    {
      "mode": "managed",
      "type": "aws_dynamodb_table",
      "name": "basic-dynamodb-table",
      "provider": "provider[\"registry.terraform.io/hashicorp/aws\"]",
      "instances": [
        {
          "schema_version": 1,
          "attributes": {
            "arn": "arn:aws:dynamodb:us-east-1:000000000000:table/user-stats-data",
            "attribute": [
              {
                "name": "account_id",
                "type": "N"
              },
              {
                "name": "user_id",
                "type": "N"
              }
            ],
            "billing_mode": "PROVISIONED",
            "global_secondary_index": [],
            "hash_key": "user_id",
            "id": "user-stats-data",
            "local_secondary_index": [],
            "name": "user-stats-data",
            "point_in_time_recovery": [
              {
                "enabled": false
              }
            ],
            "range_key": "account_id",
            "read_capacity": 2,
            "replica": [],
            "server_side_encryption": [],
            "stream_arn": "",
            "stream_enabled": false,
            "stream_label": "",
            "stream_view_type": "",
            "tags": {},
            "tags_all": {},
            "timeouts": null,
            "ttl": [
              {
                "attribute_name": "",
                "enabled": false,
                "kms_key_arn": ""
              }
            ],
            "write_capacity": 2
          },
          "sensitive_attributes": [],
          "private": "eyJlMmJmYjczMC1lY2FhLTExZTYtOGY4OC0zNDM2M2JjN2M0YzAiOnsiY3JlYXRlIjoxMjAwMDAwMDAwMDAwLCJkZWxldGUiOjYwMDAwMDAwMDAwMCwidXBkYXRlIjozNjAwMDAwMDAwMDAwfSwic2NoZW1hX3ZlcnNpb24iOiIxIn0="
        }
      ]
    },
    {
      "mode": "managed",
      "type": "aws_iam_role",
      "name": "lambda_role",
      "provider": "provider[\"registry.terraform.io/hashicorp/aws\"]",
      "instances": [
        {
          "schema_version": 0,
          "attributes": {
            "arn": "arn:aws:iam::000000000000:role/lambda_role",
            "assume_role_policy": "{\n  \"Version\": \"2012-10-17\",\n  \"Statement\": [\n    {\n      \"Action\": \"sts:AssumeRole\",\n      \"Principal\": {\n        \"Service\": \"lambda.amazonaws.com\"\n      },\n      \"Effect\": \"Allow\",\n      \"Sid\": \"\"\n    }\n  ]\n}\n",
            "create_date": "2022-03-27T10:07:23Z",
            "description": "",
            "force_detach_policies": false,
            "id": "lambda_role",
            "inline_policy": [
              {
                "name": "",
                "policy": ""
              }
            ],
            "managed_policy_arns": [],
            "max_session_duration": 3600,
            "name": "lambda_role",
            "name_prefix": null,
            "path": "/",
            "permissions_boundary": null,
            "tags": {},
            "tags_all": {},
            "unique_id": "ud4jh41kit3bc5jsqycv"
          },
          "sensitive_attributes": [],
          "private": "bnVsbA=="
        }
      ]
    },
    {
      "mode": "managed",
      "type": "aws_lambda_function",
      "name": "get_user_stats_lambda",
      "provider": "provider[\"registry.terraform.io/hashicorp/aws\"]",
      "instances": [
        {
          "schema_version": 0,
          "attributes": {
            "arn": "arn:aws:lambda:us-east-1:000000000000:function:get_user_stats_lambda",
            "code_signing_config_arn": "",
            "dead_letter_config": [],
            "description": "",
            "environment": [],
            "file_system_config": [],
            "filename": "get_user_stats_lambda_file.zip",
            "function_name": "get_user_stats_lambda",
            "handler": "get_user_stats_lambda.lambda_handler",
            "id": "get_user_stats_lambda",
            "image_config": [],
            "image_uri": "",
            "invoke_arn": "arn:aws:apigateway:us-east-1:lambda:path/2015-03-31/functions/arn:aws:lambda:us-east-1:000000000000:function:get_user_stats_lambda/invocations",
            "kms_key_arn": "",
            "last_modified": "2022-03-27T10:07:23.915+0000",
            "layers": [],
            "memory_size": 128,
            "package_type": "Zip",
            "publish": false,
            "qualified_arn": "arn:aws:lambda:us-east-1:000000000000:function:get_user_stats_lambda:$LATEST",
            "reserved_concurrent_executions": -1,
            "role": "arn:aws:iam::000000000000:role/lambda_role",
            "runtime": "python3.7",
            "s3_bucket": null,
            "s3_key": null,
            "s3_object_version": null,
            "signing_job_arn": "",
            "signing_profile_version_arn": "",
            "source_code_hash": "YciImIZa5O1pZvvzA8J8Oh8q9LyXXhgIvGTWNJerbKg=",
            "source_code_size": 684,
            "tags": {},
            "tags_all": {},
            "timeout": 3,
            "timeouts": null,
            "tracing_config": [
              {
                "mode": "PassThrough"
              }
            ],
            "version": "$LATEST",
            "vpc_config": []
          },
          "sensitive_attributes": [],
          "private": "eyJlMmJmYjczMC1lY2FhLTExZTYtOGY4OC0zNDM2M2JjN2M0YzAiOnsiY3JlYXRlIjo2MDAwMDAwMDAwMDB9fQ==",
          "dependencies": [
            "aws_iam_role.lambda_role",
            "data.archive_file.get_user_stats_lambda_file"
          ]
        }
      ]
    },
    {
      "mode": "managed",
      "type": "aws_lambda_function",
      "name": "post_user_stats_lambda",
      "provider": "provider[\"registry.terraform.io/hashicorp/aws\"]",
      "instances": [
        {
          "schema_version": 0,
          "attributes": {
            "arn": "arn:aws:lambda:us-east-1:000000000000:function:post_user_stats_lambda",
            "code_signing_config_arn": "",
            "dead_letter_config": [],
            "description": "",
            "environment": [],
            "file_system_config": [],
            "filename": "post_user_stats_lambda_file.zip",
            "function_name": "post_user_stats_lambda",
            "handler": "post_user_stats_lambda.lambda_handler",
            "id": "post_user_stats_lambda",
            "image_config": [],
            "image_uri": "",
            "invoke_arn": "arn:aws:apigateway:us-east-1:lambda:path/2015-03-31/functions/arn:aws:lambda:us-east-1:000000000000:function:post_user_stats_lambda/invocations",
            "kms_key_arn": "",
            "last_modified": "2022-03-27T10:59:03.969+0000",
            "layers": [],
            "memory_size": 128,
            "package_type": "Zip",
            "publish": false,
            "qualified_arn": "arn:aws:lambda:us-east-1:000000000000:function:post_user_stats_lambda:$LATEST",
            "reserved_concurrent_executions": -1,
            "role": "arn:aws:iam::000000000000:role/lambda_role",
            "runtime": "python3.7",
            "s3_bucket": null,
            "s3_key": null,
            "s3_object_version": null,
            "signing_job_arn": "",
            "signing_profile_version_arn": "",
            "source_code_hash": "IIvvWAqONpE8t58KcvwMBgtJbm58KL0GbuEY3bAUJ8Y=",
            "source_code_size": 1147,
            "tags": {},
            "tags_all": {},
            "timeout": 3,
            "timeouts": null,
            "tracing_config": [
              {
                "mode": "PassThrough"
              }
            ],
            "version": "$LATEST",
            "vpc_config": []
          },
          "sensitive_attributes": [],
          "private": "eyJlMmJmYjczMC1lY2FhLTExZTYtOGY4OC0zNDM2M2JjN2M0YzAiOnsiY3JlYXRlIjo2MDAwMDAwMDAwMDB9fQ==",
          "dependencies": [
            "aws_iam_role.lambda_role",
            "data.archive_file.post_user_stats_lambda_file"
          ]
        }
      ]
    },
    {
      "mode": "managed",
      "type": "aws_lambda_permission",
      "name": "apigw_get_user_lambda",
      "provider": "provider[\"registry.terraform.io/hashicorp/aws\"]",
      "instances": [
        {
          "schema_version": 0,
          "attributes": {
            "action": "lambda:InvokeFunction",
            "event_source_token": null,
            "function_name": "get_user_stats_lambda",
            "id": "AllowExecutionFromAPIGateway",
            "principal": "apigateway.amazonaws.com",
            "qualifier": "",
            "source_account": null,
            "source_arn": null,
            "statement_id": "AllowExecutionFromAPIGateway",
            "statement_id_prefix": null
          },
          "sensitive_attributes": [],
          "private": "bnVsbA==",
          "dependencies": [
            "aws_iam_role.lambda_role",
            "aws_lambda_function.get_user_stats_lambda",
            "data.archive_file.get_user_stats_lambda_file"
          ]
        }
      ]
    },
    {
      "mode": "managed",
      "type": "aws_lambda_permission",
      "name": "apigw_post_user_lambda",
      "provider": "provider[\"registry.terraform.io/hashicorp/aws\"]",
      "instances": [
        {
          "schema_version": 0,
          "attributes": {
            "action": "lambda:InvokeFunction",
            "event_source_token": null,
            "function_name": "post_user_stats_lambda",
            "id": "AllowExecutionFromAPIGateway",
            "principal": "apigateway.amazonaws.com",
            "qualifier": "",
            "source_account": null,
            "source_arn": null,
            "statement_id": "AllowExecutionFromAPIGateway",
            "statement_id_prefix": null
          },
          "sensitive_attributes": [],
          "private": "bnVsbA==",
          "dependencies": [
            "data.archive_file.post_user_stats_lambda_file",
            "aws_iam_role.lambda_role",
            "aws_lambda_function.post_user_stats_lambda"
          ]
        }
      ]
    }
  ]
}
